
Microsoft Visual Studio Solution File, Format Version 12.00
# Visual Studio Version 17
VisualStudioVersion = 17.2.32630.192
MinimumVisualStudioVersion = 10.0.40219.1
Project("{FAE04EC0-301F-11D3-BF4B-00C04F79EFBC}") = "Teste1_vs", "Teste1_vs\Teste1_vs.csproj", "{DA063F1B-2AD3-431D-85BE-3E1C98BC025C}"
EndProject
Global
	GlobalSection(SolutionConfigurationPlatforms) = preSolution
		Debug|Any CPU = Debug|Any CPU
		Release|Any CPU = Release|Any CPU
	EndGlobalSection
	GlobalSection(ProjectConfigurationPlatforms) = postSolution
		{DA063F1B-2AD3-431D-85BE-3E1C98BC025C}.Debug|Any CPU.ActiveCfg = Debug|Any CPU
		{DA063F1B-2AD3-431D-85BE-3E1C98BC025C}.Debug|Any CPU.Build.0 = Debug|Any CPU
		{DA063F1B-2AD3-431D-85BE-3E1C98BC025C}.Release|Any CPU.ActiveCfg = Release|Any CPU
		{DA063F1B-2AD3-431D-85BE-3E1C98BC025C}.Release|Any CPU.Build.0 = Release|Any CPU
	EndGlobalSection
	GlobalSection(SolutionProperties) = preSolution
		HideSolutionNode = FALSE
	EndGlobalSection
	GlobalSection(ExtensibilityGlobals) = postSolution
		SolutionGuid = {4DBC3187-8EBD-4F6E-9464-B1ECF9F61EA2}
	EndGlobalSection
EndGlobal
